
Microsoft Visual Studio Solution File, Format Version 12.00
# Visual Studio Version 16
VisualStudioVersion = 16.0.30804.86
MinimumVisualStudioVersion = 10.0.40219.1
Project("{9A19103F-16F7-4668-BE54-9A1E7A4F7556}") = "Web", "src\Web\Web.csproj", "{87C8AAA0-3F08-42CE-9918-8CAF914DB49D}"
EndProject
Project("{9A19103F-16F7-4668-BE54-9A1E7A4F7556}") = "Core", "src\Core\Core.csproj", "{A5915160-CB3E-4E80-AE80-DC41649DA70F}"
EndProject
Project("{9A19103F-16F7-4668-BE54-9A1E7A4F7556}") = "Infrastructure", "src\Infrastructure\Infrastructure.csproj", "{141C0014-4B55-4DA6-8EAC-01F62FD55092}"
EndProject
Project("{9A19103F-16F7-4668-BE54-9A1E7A4F7556}") = "Services", "Services\Services.csproj", "{6A2C05C6-C2CB-4E50-88F8-32F7101FD7EA}"
EndProject
Project("{FAE04EC0-301F-11D3-BF4B-00C04F79EFBC}") = "ViewModels", "ViewModels\ViewModels.csproj", "{60CC3E21-788D-4607-82EC-07A9AE6D2864}"
EndProject
Global
	GlobalSection(SolutionConfigurationPlatforms) = preSolution
		Debug|Any CPU = Debug|Any CPU
		Release|Any CPU = Release|Any CPU
	EndGlobalSection
	GlobalSection(ProjectConfigurationPlatforms) = postSolution
		{87C8AAA0-3F08-42CE-9918-8CAF914DB49D}.Debug|Any CPU.ActiveCfg = Debug|Any CPU
		{87C8AAA0-3F08-42CE-9918-8CAF914DB49D}.Debug|Any CPU.Build.0 = Debug|Any CPU
		{87C8AAA0-3F08-42CE-9918-8CAF914DB49D}.Release|Any CPU.ActiveCfg = Release|Any CPU
		{87C8AAA0-3F08-42CE-9918-8CAF914DB49D}.Release|Any CPU.Build.0 = Release|Any CPU
		{A5915160-CB3E-4E80-AE80-DC41649DA70F}.Debug|Any CPU.ActiveCfg = Debug|Any CPU
		{A5915160-CB3E-4E80-AE80-DC41649DA70F}.Debug|Any CPU.Build.0 = Debug|Any CPU
		{A5915160-CB3E-4E80-AE80-DC41649DA70F}.Release|Any CPU.ActiveCfg = Release|Any CPU
		{A5915160-CB3E-4E80-AE80-DC41649DA70F}.Release|Any CPU.Build.0 = Release|Any CPU
		{141C0014-4B55-4DA6-8EAC-01F62FD55092}.Debug|Any CPU.ActiveCfg = Debug|Any CPU
		{141C0014-4B55-4DA6-8EAC-01F62FD55092}.Debug|Any CPU.Build.0 = Debug|Any CPU
		{141C0014-4B55-4DA6-8EAC-01F62FD55092}.Release|Any CPU.ActiveCfg = Release|Any CPU
		{141C0014-4B55-4DA6-8EAC-01F62FD55092}.Release|Any CPU.Build.0 = Release|Any CPU
		{6A2C05C6-C2CB-4E50-88F8-32F7101FD7EA}.Debug|Any CPU.ActiveCfg = Debug|Any CPU
		{6A2C05C6-C2CB-4E50-88F8-32F7101FD7EA}.Debug|Any CPU.Build.0 = Debug|Any CPU
		{6A2C05C6-C2CB-4E50-88F8-32F7101FD7EA}.Release|Any CPU.ActiveCfg = Release|Any CPU
		{6A2C05C6-C2CB-4E50-88F8-32F7101FD7EA}.Release|Any CPU.Build.0 = Release|Any CPU
		{60CC3E21-788D-4607-82EC-07A9AE6D2864}.Debug|Any CPU.ActiveCfg = Debug|Any CPU
		{60CC3E21-788D-4607-82EC-07A9AE6D2864}.Debug|Any CPU.Build.0 = Debug|Any CPU
		{60CC3E21-788D-4607-82EC-07A9AE6D2864}.Release|Any CPU.ActiveCfg = Release|Any CPU
		{60CC3E21-788D-4607-82EC-07A9AE6D2864}.Release|Any CPU.Build.0 = Release|Any CPU
	EndGlobalSection
	GlobalSection(SolutionProperties) = preSolution
		HideSolutionNode = FALSE
	EndGlobalSection
	GlobalSection(ExtensibilityGlobals) = postSolution
		SolutionGuid = {E08566A3-7777-42DC-BE10-845E51156844}
	EndGlobalSection
EndGlobal
